
Microsoft Visual Studio Solution File, Format Version 12.00
# Visual Studio Version 17
VisualStudioVersion = 17.0.31903.59
MinimumVisualStudioVersion = 10.0.40219.1
Project("{FAE04EC0-301F-11D3-BF4B-00C04F79EFBC}") = "FitnessTracker.RazorComponents", "FitnessTracker.RazorComponents\FitnessTracker.RazorComponents.csproj", "{0D451F07-A8EC-4F4B-9BF4-273F9DF68575}"
EndProject
Project("{FAE04EC0-301F-11D3-BF4B-00C04F79EFBC}") = "FitnessTracker.MauiClient", "FitnessTracker.MauiClient\FitnessTracker.MauiClient.csproj", "{A5C573AF-B1DA-4950-AA2B-F89E1EEEE100}"
EndProject
Project("{FAE04EC0-301F-11D3-BF4B-00C04F79EFBC}") = "FitnessTracker.Web", "FitnessTracker.Web\FitnessTracker.Web\FitnessTracker.Web.csproj", "{CA331EEB-A2C1-4B7B-8F2B-CEF7A27D9498}"
EndProject
Project("{FAE04EC0-301F-11D3-BF4B-00C04F79EFBC}") = "FitnessTracker.Web.Client", "FitnessTracker.Web\FitnessTracker.Web.Client\FitnessTracker.Web.Client.csproj", "{662ECC27-64C2-4F90-9F44-FA41B2E4F0ED}"
EndProject
Global
	GlobalSection(SolutionConfigurationPlatforms) = preSolution
		Debug|Any CPU = Debug|Any CPU
		Release|Any CPU = Release|Any CPU
	EndGlobalSection
	GlobalSection(ProjectConfigurationPlatforms) = postSolution
		{0D451F07-A8EC-4F4B-9BF4-273F9DF68575}.Debug|Any CPU.ActiveCfg = Debug|Any CPU
		{0D451F07-A8EC-4F4B-9BF4-273F9DF68575}.Debug|Any CPU.Build.0 = Debug|Any CPU
		{0D451F07-A8EC-4F4B-9BF4-273F9DF68575}.Release|Any CPU.ActiveCfg = Release|Any CPU
		{0D451F07-A8EC-4F4B-9BF4-273F9DF68575}.Release|Any CPU.Build.0 = Release|Any CPU
		{A5C573AF-B1DA-4950-AA2B-F89E1EEEE100}.Debug|Any CPU.ActiveCfg = Debug|Any CPU
		{A5C573AF-B1DA-4950-AA2B-F89E1EEEE100}.Debug|Any CPU.Build.0 = Debug|Any CPU
		{A5C573AF-B1DA-4950-AA2B-F89E1EEEE100}.Release|Any CPU.ActiveCfg = Release|Any CPU
		{A5C573AF-B1DA-4950-AA2B-F89E1EEEE100}.Release|Any CPU.Build.0 = Release|Any CPU
		{CA331EEB-A2C1-4B7B-8F2B-CEF7A27D9498}.Debug|Any CPU.ActiveCfg = Debug|Any CPU
		{CA331EEB-A2C1-4B7B-8F2B-CEF7A27D9498}.Debug|Any CPU.Build.0 = Debug|Any CPU
		{CA331EEB-A2C1-4B7B-8F2B-CEF7A27D9498}.Release|Any CPU.ActiveCfg = Release|Any CPU
		{CA331EEB-A2C1-4B7B-8F2B-CEF7A27D9498}.Release|Any CPU.Build.0 = Release|Any CPU
		{662ECC27-64C2-4F90-9F44-FA41B2E4F0ED}.Debug|Any CPU.ActiveCfg = Debug|Any CPU
		{662ECC27-64C2-4F90-9F44-FA41B2E4F0ED}.Debug|Any CPU.Build.0 = Debug|Any CPU
		{662ECC27-64C2-4F90-9F44-FA41B2E4F0ED}.Release|Any CPU.ActiveCfg = Release|Any CPU
		{662ECC27-64C2-4F90-9F44-FA41B2E4F0ED}.Release|Any CPU.Build.0 = Release|Any CPU
	EndGlobalSection
	GlobalSection(SolutionProperties) = preSolution
		HideSolutionNode = FALSE
	EndGlobalSection
EndGlobal
