Microsoft Visual Studio Solution File, Format Version 12.00
# Visual Studio Version 16
VisualStudioVersion = 16.0.0.0
MinimumVisualStudioVersion = 16.0.0.0
Project("{9A19103F-16F7-4668-BE54-9A1E7A4F7556}") = "FitnessTracker.Web", "FitnessTracker.Web\FitnessTracker.Web.csproj", "{2AA6EEAC-BA6C-4546-98AE-4DC75BD6150A}"
EndProject
Project("{9A19103F-16F7-4668-BE54-9A1E7A4F7556}") = "FitnessTracker.Web.Client", "FitnessTracker.Web.Client\FitnessTracker.Web.Client.csproj", "{3F39F6C0-638D-454F-9E15-3F44033157F6}"
EndProject
Global
	GlobalSection(SolutionConfigurationPlatforms) = preSolution
		Debug|Any CPU = Debug|Any CPU
		Debug|x64 = Debug|x64
		Debug|x86 = Debug|x86
		Release|Any CPU = Release|Any CPU
		Release|x64 = Release|x64
		Release|x86 = Release|x86
	EndGlobalSection
	GlobalSection(ProjectConfigurationPlatforms) = postSolution
		{3F39F6C0-638D-454F-9E15-3F44033157F6}.Debug|Any CPU.ActiveCfg = Debug|Any CPU
		{3F39F6C0-638D-454F-9E15-3F44033157F6}.Debug|Any CPU.Build.0 = Debug|Any CPU
		{3F39F6C0-638D-454F-9E15-3F44033157F6}.Debug|x64.ActiveCfg = Debug|Any CPU
		{3F39F6C0-638D-454F-9E15-3F44033157F6}.Debug|x64.Build.0 = Debug|Any CPU
		{3F39F6C0-638D-454F-9E15-3F44033157F6}.Debug|x86.ActiveCfg = Debug|Any CPU
		{3F39F6C0-638D-454F-9E15-3F44033157F6}.Debug|x86.Build.0 = Debug|Any CPU
		{3F39F6C0-638D-454F-9E15-3F44033157F6}.Release|Any CPU.ActiveCfg = Release|Any CPU
		{3F39F6C0-638D-454F-9E15-3F44033157F6}.Release|Any CPU.Build.0 = Release|Any CPU
		{3F39F6C0-638D-454F-9E15-3F44033157F6}.Release|x64.ActiveCfg = Release|Any CPU
		{3F39F6C0-638D-454F-9E15-3F44033157F6}.Release|x64.Build.0 = Release|Any CPU
		{3F39F6C0-638D-454F-9E15-3F44033157F6}.Release|x86.ActiveCfg = Release|Any CPU
		{3F39F6C0-638D-454F-9E15-3F44033157F6}.Release|x86.Build.0 = Release|Any CPU
		{2AA6EEAC-BA6C-4546-98AE-4DC75BD6150A}.Debug|Any CPU.ActiveCfg = Debug|Any CPU
		{2AA6EEAC-BA6C-4546-98AE-4DC75BD6150A}.Debug|Any CPU.Build.0 = Debug|Any CPU
		{2AA6EEAC-BA6C-4546-98AE-4DC75BD6150A}.Debug|x64.ActiveCfg = Debug|Any CPU
		{2AA6EEAC-BA6C-4546-98AE-4DC75BD6150A}.Debug|x64.Build.0 = Debug|Any CPU
		{2AA6EEAC-BA6C-4546-98AE-4DC75BD6150A}.Debug|x86.ActiveCfg = Debug|Any CPU
		{2AA6EEAC-BA6C-4546-98AE-4DC75BD6150A}.Debug|x86.Build.0 = Debug|Any CPU
		{2AA6EEAC-BA6C-4546-98AE-4DC75BD6150A}.Release|Any CPU.ActiveCfg = Release|Any CPU
		{2AA6EEAC-BA6C-4546-98AE-4DC75BD6150A}.Release|Any CPU.Build.0 = Release|Any CPU
		{2AA6EEAC-BA6C-4546-98AE-4DC75BD6150A}.Release|x64.ActiveCfg = Release|Any CPU
		{2AA6EEAC-BA6C-4546-98AE-4DC75BD6150A}.Release|x64.Build.0 = Release|Any CPU
		{2AA6EEAC-BA6C-4546-98AE-4DC75BD6150A}.Release|x86.ActiveCfg = Release|Any CPU
		{2AA6EEAC-BA6C-4546-98AE-4DC75BD6150A}.Release|x86.Build.0 = Release|Any CPU
	EndGlobalSection
	GlobalSection(SolutionProperties) = preSolution
		HideSolutionNode = FALSE
	EndGlobalSection
	GlobalSection(ExtensibilityGlobals) = postSolution
		SolutionGuid = {2FCBA2F8-2144-4484-BDF8-39FED9DCA6B2}
	EndGlobalSection
EndGlobal
