
Microsoft Visual Studio Solution File, Format Version 12.00
# Visual Studio Version 17
VisualStudioVersion = 17.0.31903.59
MinimumVisualStudioVersion = 10.0.40219.1
Project("{FAE04EC0-301F-11D3-BF4B-00C04F79EFBC}") = "dotFitness.Api", "dotFitness.Api\dotFitness.Api.csproj", "{FCCD531C-E433-48A1-9E3F-900CDDFEB14C}"
EndProject
Project("{FAE04EC0-301F-11D3-BF4B-00C04F79EFBC}") = "dotFitness.SharedKernel", "dotFitness.SharedKernel\dotFitness.SharedKernel.csproj", "{93F75A53-C781-41D1-A7C6-399BB5DE21C9}"
EndProject
Project("{2150E333-8FDC-42A3-9474-1A3956D46DE8}") = "Modules", "Modules", "{F78FF002-6272-47DD-AACE-5081AAF688D6}"
EndProject
Project("{2150E333-8FDC-42A3-9474-1A3956D46DE8}") = "Users", "Users", "{337D17C4-C299-4A01-A6A1-4C83CAB158FE}"
EndProject
Project("{FAE04EC0-301F-11D3-BF4B-00C04F79EFBC}") = "dotFitness.Modules.Users.Application", "Modules\Users\dotFitness.Modules.Users.Application\dotFitness.Modules.Users.Application.csproj", "{757CA987-BF8D-4431-811F-94F9082E794A}"
EndProject
Project("{FAE04EC0-301F-11D3-BF4B-00C04F79EFBC}") = "dotFitness.Modules.Users.Domain", "Modules\Users\dotFitness.Modules.Users.Domain\dotFitness.Modules.Users.Domain.csproj", "{7F4EA173-C534-4C29-8A1F-2DD57236BA73}"
EndProject
Project("{FAE04EC0-301F-11D3-BF4B-00C04F79EFBC}") = "dotFitness.Modules.Users.Infrastructure", "Modules\Users\dotFitness.Modules.Users.Infrastructure\dotFitness.Modules.Users.Infrastructure.csproj", "{18FAC03A-A71B-4FA0-925A-3ADA2C7CEB35}"
EndProject
Project("{FAE04EC0-301F-11D3-BF4B-00C04F79EFBC}") = "dotFitness.Modules.Users.Tests", "Modules\Users\dotFitness.Modules.Users.Tests\dotFitness.Modules.Users.Tests.csproj", "{8C1F34BA-C64B-456C-90AB-A1A0FF112087}"
EndProject
Project("{2150E333-8FDC-42A3-9474-1A3956D46DE8}") = "Exercises", "Exercises", "{D9186E60-88DD-48E4-8508-FCE2FEFF32AF}"
EndProject
Project("{FAE04EC0-301F-11D3-BF4B-00C04F79EFBC}") = "dotFitness.Modules.Exercises.Domain", "Modules\Exercises\dotFitness.Modules.Exercises.Domain\dotFitness.Modules.Exercises.Domain.csproj", "{8FCF3692-1CC1-4BBB-BC1F-F6EE2166D7C8}"
EndProject
Project("{FAE04EC0-301F-11D3-BF4B-00C04F79EFBC}") = "dotFitness.Modules.Exercises.Application", "Modules\Exercises\dotFitness.Modules.Exercises.Application\dotFitness.Modules.Exercises.Application.csproj", "{798E0F95-F4A0-48B8-9155-F454856A79FB}"
EndProject
Project("{FAE04EC0-301F-11D3-BF4B-00C04F79EFBC}") = "dotFitness.Modules.Exercises.Infrastructure", "Modules\Exercises\dotFitness.Modules.Exercises.Infrastructure\dotFitness.Modules.Exercises.Infrastructure.csproj", "{16571D40-6414-4EC1-B2DD-052B806035C3}"
EndProject
Project("{FAE04EC0-301F-11D3-BF4B-00C04F79EFBC}") = "dotFitness.Modules.Exercises.Tests", "Modules\Exercises\dotFitness.Modules.Exercises.Tests\dotFitness.Modules.Exercises.Tests.csproj", "{EB0218FD-88CE-43AA-B172-85EFD4D25917}"
EndProject
Project("{FAE04EC0-301F-11D3-BF4B-00C04F79EFBC}") = "dotFitness.SharedKernel.Tests", "dotFitness.SharedKernel.Tests\dotFitness.SharedKernel.Tests.csproj", "{2837B3EE-381F-4FC5-8C69-FD5513BD40F4}"
EndProject
Project("{FAE04EC0-301F-11D3-BF4B-00C04F79EFBC}") = "dotFitness.Bootstrap", "dotFitness.Bootstrap\dotFitness.Bootstrap.csproj", "{4D4EE0CA-137C-4ACA-91DF-54D611A1F6D8}"
EndProject
Project("{FAE04EC0-301F-11D3-BF4B-00C04F79EFBC}") = "dotFitness.ModuleContracts", "dotFitness.ModuleContracts\dotFitness.ModuleContracts.csproj", "{D546E85B-1DD9-45FA-AD31-74497A46D3CC}"
EndProject
Project("{FAE04EC0-301F-11D3-BF4B-00C04F79EFBC}") = "dotFitness.Aspire.AppHost", "dotFitness.Aspire.AppHost\dotFitness.Aspire.AppHost.csproj", "{E0595CA7-752E-4765-8232-9D57FAE53409}"
EndProject
Project("{FAE04EC0-301F-11D3-BF4B-00C04F79EFBC}") = "dotFitness.Aspire.ServiceDefaults", "dotFitness.Aspire.ServiceDefaults\dotFitness.Aspire.ServiceDefaults.csproj", "{89948BD5-8D7E-4DA8-BAC5-3D4B992C31A6}"
EndProject
Global
	GlobalSection(SolutionConfigurationPlatforms) = preSolution
		Debug|Any CPU = Debug|Any CPU
		Debug|x64 = Debug|x64
		Debug|x86 = Debug|x86
		Release|Any CPU = Release|Any CPU
		Release|x64 = Release|x64
		Release|x86 = Release|x86
	EndGlobalSection
	GlobalSection(ProjectConfigurationPlatforms) = postSolution
		{FCCD531C-E433-48A1-9E3F-900CDDFEB14C}.Debug|Any CPU.ActiveCfg = Debug|Any CPU
		{FCCD531C-E433-48A1-9E3F-900CDDFEB14C}.Debug|Any CPU.Build.0 = Debug|Any CPU
		{FCCD531C-E433-48A1-9E3F-900CDDFEB14C}.Debug|x64.ActiveCfg = Debug|Any CPU
		{FCCD531C-E433-48A1-9E3F-900CDDFEB14C}.Debug|x64.Build.0 = Debug|Any CPU
		{FCCD531C-E433-48A1-9E3F-900CDDFEB14C}.Debug|x86.ActiveCfg = Debug|Any CPU
		{FCCD531C-E433-48A1-9E3F-900CDDFEB14C}.Debug|x86.Build.0 = Debug|Any CPU
		{FCCD531C-E433-48A1-9E3F-900CDDFEB14C}.Release|Any CPU.ActiveCfg = Release|Any CPU
		{FCCD531C-E433-48A1-9E3F-900CDDFEB14C}.Release|Any CPU.Build.0 = Release|Any CPU
		{FCCD531C-E433-48A1-9E3F-900CDDFEB14C}.Release|x64.ActiveCfg = Release|Any CPU
		{FCCD531C-E433-48A1-9E3F-900CDDFEB14C}.Release|x64.Build.0 = Release|Any CPU
		{FCCD531C-E433-48A1-9E3F-900CDDFEB14C}.Release|x86.ActiveCfg = Release|Any CPU
		{FCCD531C-E433-48A1-9E3F-900CDDFEB14C}.Release|x86.Build.0 = Release|Any CPU
		{93F75A53-C781-41D1-A7C6-399BB5DE21C9}.Debug|Any CPU.ActiveCfg = Debug|Any CPU
		{93F75A53-C781-41D1-A7C6-399BB5DE21C9}.Debug|Any CPU.Build.0 = Debug|Any CPU
		{93F75A53-C781-41D1-A7C6-399BB5DE21C9}.Debug|x64.ActiveCfg = Debug|Any CPU
		{93F75A53-C781-41D1-A7C6-399BB5DE21C9}.Debug|x64.Build.0 = Debug|Any CPU
		{93F75A53-C781-41D1-A7C6-399BB5DE21C9}.Debug|x86.ActiveCfg = Debug|Any CPU
		{93F75A53-C781-41D1-A7C6-399BB5DE21C9}.Debug|x86.Build.0 = Debug|Any CPU
		{93F75A53-C781-41D1-A7C6-399BB5DE21C9}.Release|Any CPU.ActiveCfg = Release|Any CPU
		{93F75A53-C781-41D1-A7C6-399BB5DE21C9}.Release|Any CPU.Build.0 = Release|Any CPU
		{93F75A53-C781-41D1-A7C6-399BB5DE21C9}.Release|x64.ActiveCfg = Release|Any CPU
		{93F75A53-C781-41D1-A7C6-399BB5DE21C9}.Release|x64.Build.0 = Release|Any CPU
		{93F75A53-C781-41D1-A7C6-399BB5DE21C9}.Release|x86.ActiveCfg = Release|Any CPU
		{93F75A53-C781-41D1-A7C6-399BB5DE21C9}.Release|x86.Build.0 = Release|Any CPU
		{757CA987-BF8D-4431-811F-94F9082E794A}.Debug|Any CPU.ActiveCfg = Debug|Any CPU
		{757CA987-BF8D-4431-811F-94F9082E794A}.Debug|Any CPU.Build.0 = Debug|Any CPU
		{757CA987-BF8D-4431-811F-94F9082E794A}.Debug|x64.ActiveCfg = Debug|Any CPU
		{757CA987-BF8D-4431-811F-94F9082E794A}.Debug|x64.Build.0 = Debug|Any CPU
		{757CA987-BF8D-4431-811F-94F9082E794A}.Debug|x86.ActiveCfg = Debug|Any CPU
		{757CA987-BF8D-4431-811F-94F9082E794A}.Debug|x86.Build.0 = Debug|Any CPU
		{757CA987-BF8D-4431-811F-94F9082E794A}.Release|Any CPU.ActiveCfg = Release|Any CPU
		{757CA987-BF8D-4431-811F-94F9082E794A}.Release|Any CPU.Build.0 = Release|Any CPU
		{757CA987-BF8D-4431-811F-94F9082E794A}.Release|x64.ActiveCfg = Release|Any CPU
		{757CA987-BF8D-4431-811F-94F9082E794A}.Release|x64.Build.0 = Release|Any CPU
		{757CA987-BF8D-4431-811F-94F9082E794A}.Release|x86.ActiveCfg = Release|Any CPU
		{757CA987-BF8D-4431-811F-94F9082E794A}.Release|x86.Build.0 = Release|Any CPU
		{7F4EA173-C534-4C29-8A1F-2DD57236BA73}.Debug|Any CPU.ActiveCfg = Debug|Any CPU
		{7F4EA173-C534-4C29-8A1F-2DD57236BA73}.Debug|Any CPU.Build.0 = Debug|Any CPU
		{7F4EA173-C534-4C29-8A1F-2DD57236BA73}.Debug|x64.ActiveCfg = Debug|Any CPU
		{7F4EA173-C534-4C29-8A1F-2DD57236BA73}.Debug|x64.Build.0 = Debug|Any CPU
		{7F4EA173-C534-4C29-8A1F-2DD57236BA73}.Debug|x86.ActiveCfg = Debug|Any CPU
		{7F4EA173-C534-4C29-8A1F-2DD57236BA73}.Debug|x86.Build.0 = Debug|Any CPU
		{7F4EA173-C534-4C29-8A1F-2DD57236BA73}.Release|Any CPU.ActiveCfg = Release|Any CPU
		{7F4EA173-C534-4C29-8A1F-2DD57236BA73}.Release|Any CPU.Build.0 = Release|Any CPU
		{7F4EA173-C534-4C29-8A1F-2DD57236BA73}.Release|x64.ActiveCfg = Release|Any CPU
		{7F4EA173-C534-4C29-8A1F-2DD57236BA73}.Release|x64.Build.0 = Release|Any CPU
		{7F4EA173-C534-4C29-8A1F-2DD57236BA73}.Release|x86.ActiveCfg = Release|Any CPU
		{7F4EA173-C534-4C29-8A1F-2DD57236BA73}.Release|x86.Build.0 = Release|Any CPU
		{18FAC03A-A71B-4FA0-925A-3ADA2C7CEB35}.Debug|Any CPU.ActiveCfg = Debug|Any CPU
		{18FAC03A-A71B-4FA0-925A-3ADA2C7CEB35}.Debug|Any CPU.Build.0 = Debug|Any CPU
		{18FAC03A-A71B-4FA0-925A-3ADA2C7CEB35}.Debug|x64.ActiveCfg = Debug|Any CPU
		{18FAC03A-A71B-4FA0-925A-3ADA2C7CEB35}.Debug|x64.Build.0 = Debug|Any CPU
		{18FAC03A-A71B-4FA0-925A-3ADA2C7CEB35}.Debug|x86.ActiveCfg = Debug|Any CPU
		{18FAC03A-A71B-4FA0-925A-3ADA2C7CEB35}.Debug|x86.Build.0 = Debug|Any CPU
		{18FAC03A-A71B-4FA0-925A-3ADA2C7CEB35}.Release|Any CPU.ActiveCfg = Release|Any CPU
		{18FAC03A-A71B-4FA0-925A-3ADA2C7CEB35}.Release|Any CPU.Build.0 = Release|Any CPU
		{18FAC03A-A71B-4FA0-925A-3ADA2C7CEB35}.Release|x64.ActiveCfg = Release|Any CPU
		{18FAC03A-A71B-4FA0-925A-3ADA2C7CEB35}.Release|x64.Build.0 = Release|Any CPU
		{18FAC03A-A71B-4FA0-925A-3ADA2C7CEB35}.Release|x86.ActiveCfg = Release|Any CPU
		{18FAC03A-A71B-4FA0-925A-3ADA2C7CEB35}.Release|x86.Build.0 = Release|Any CPU
		{8C1F34BA-C64B-456C-90AB-A1A0FF112087}.Debug|Any CPU.ActiveCfg = Debug|Any CPU
		{8C1F34BA-C64B-456C-90AB-A1A0FF112087}.Debug|Any CPU.Build.0 = Debug|Any CPU
		{8C1F34BA-C64B-456C-90AB-A1A0FF112087}.Debug|x64.ActiveCfg = Debug|Any CPU
		{8C1F34BA-C64B-456C-90AB-A1A0FF112087}.Debug|x64.Build.0 = Debug|Any CPU
		{8C1F34BA-C64B-456C-90AB-A1A0FF112087}.Debug|x86.ActiveCfg = Debug|Any CPU
		{8C1F34BA-C64B-456C-90AB-A1A0FF112087}.Debug|x86.Build.0 = Debug|Any CPU
		{8C1F34BA-C64B-456C-90AB-A1A0FF112087}.Release|Any CPU.ActiveCfg = Release|Any CPU
		{8C1F34BA-C64B-456C-90AB-A1A0FF112087}.Release|Any CPU.Build.0 = Release|Any CPU
		{8C1F34BA-C64B-456C-90AB-A1A0FF112087}.Release|x64.ActiveCfg = Release|Any CPU
		{8C1F34BA-C64B-456C-90AB-A1A0FF112087}.Release|x64.Build.0 = Release|Any CPU
		{8C1F34BA-C64B-456C-90AB-A1A0FF112087}.Release|x86.ActiveCfg = Release|Any CPU
		{8C1F34BA-C64B-456C-90AB-A1A0FF112087}.Release|x86.Build.0 = Release|Any CPU
		{8FCF3692-1CC1-4BBB-BC1F-F6EE2166D7C8}.Debug|Any CPU.ActiveCfg = Debug|Any CPU
		{8FCF3692-1CC1-4BBB-BC1F-F6EE2166D7C8}.Debug|Any CPU.Build.0 = Debug|Any CPU
		{8FCF3692-1CC1-4BBB-BC1F-F6EE2166D7C8}.Debug|x64.ActiveCfg = Debug|Any CPU
		{8FCF3692-1CC1-4BBB-BC1F-F6EE2166D7C8}.Debug|x64.Build.0 = Debug|Any CPU
		{8FCF3692-1CC1-4BBB-BC1F-F6EE2166D7C8}.Debug|x86.ActiveCfg = Debug|Any CPU
		{8FCF3692-1CC1-4BBB-BC1F-F6EE2166D7C8}.Debug|x86.Build.0 = Debug|Any CPU
		{8FCF3692-1CC1-4BBB-BC1F-F6EE2166D7C8}.Release|Any CPU.ActiveCfg = Release|Any CPU
		{8FCF3692-1CC1-4BBB-BC1F-F6EE2166D7C8}.Release|Any CPU.Build.0 = Release|Any CPU
		{8FCF3692-1CC1-4BBB-BC1F-F6EE2166D7C8}.Release|x64.ActiveCfg = Release|Any CPU
		{8FCF3692-1CC1-4BBB-BC1F-F6EE2166D7C8}.Release|x64.Build.0 = Release|Any CPU
		{8FCF3692-1CC1-4BBB-BC1F-F6EE2166D7C8}.Release|x86.ActiveCfg = Release|Any CPU
		{8FCF3692-1CC1-4BBB-BC1F-F6EE2166D7C8}.Release|x86.Build.0 = Release|Any CPU
		{798E0F95-F4A0-48B8-9155-F454856A79FB}.Debug|Any CPU.ActiveCfg = Debug|Any CPU
		{798E0F95-F4A0-48B8-9155-F454856A79FB}.Debug|Any CPU.Build.0 = Debug|Any CPU
		{798E0F95-F4A0-48B8-9155-F454856A79FB}.Debug|x64.ActiveCfg = Debug|Any CPU
		{798E0F95-F4A0-48B8-9155-F454856A79FB}.Debug|x64.Build.0 = Debug|Any CPU
		{798E0F95-F4A0-48B8-9155-F454856A79FB}.Debug|x86.ActiveCfg = Debug|Any CPU
		{798E0F95-F4A0-48B8-9155-F454856A79FB}.Debug|x86.Build.0 = Debug|Any CPU
		{798E0F95-F4A0-48B8-9155-F454856A79FB}.Release|Any CPU.ActiveCfg = Release|Any CPU
		{798E0F95-F4A0-48B8-9155-F454856A79FB}.Release|Any CPU.Build.0 = Release|Any CPU
		{798E0F95-F4A0-48B8-9155-F454856A79FB}.Release|x64.ActiveCfg = Release|Any CPU
		{798E0F95-F4A0-48B8-9155-F454856A79FB}.Release|x64.Build.0 = Release|Any CPU
		{798E0F95-F4A0-48B8-9155-F454856A79FB}.Release|x86.ActiveCfg = Release|Any CPU
		{798E0F95-F4A0-48B8-9155-F454856A79FB}.Release|x86.Build.0 = Release|Any CPU
		{16571D40-6414-4EC1-B2DD-052B806035C3}.Debug|Any CPU.ActiveCfg = Debug|Any CPU
		{16571D40-6414-4EC1-B2DD-052B806035C3}.Debug|Any CPU.Build.0 = Debug|Any CPU
		{16571D40-6414-4EC1-B2DD-052B806035C3}.Debug|x64.ActiveCfg = Debug|Any CPU
		{16571D40-6414-4EC1-B2DD-052B806035C3}.Debug|x64.Build.0 = Debug|Any CPU
		{16571D40-6414-4EC1-B2DD-052B806035C3}.Debug|x86.ActiveCfg = Debug|Any CPU
		{16571D40-6414-4EC1-B2DD-052B806035C3}.Debug|x86.Build.0 = Debug|Any CPU
		{16571D40-6414-4EC1-B2DD-052B806035C3}.Release|Any CPU.ActiveCfg = Release|Any CPU
		{16571D40-6414-4EC1-B2DD-052B806035C3}.Release|Any CPU.Build.0 = Release|Any CPU
		{16571D40-6414-4EC1-B2DD-052B806035C3}.Release|x64.ActiveCfg = Release|Any CPU
		{16571D40-6414-4EC1-B2DD-052B806035C3}.Release|x64.Build.0 = Release|Any CPU
		{16571D40-6414-4EC1-B2DD-052B806035C3}.Release|x86.ActiveCfg = Release|Any CPU
		{16571D40-6414-4EC1-B2DD-052B806035C3}.Release|x86.Build.0 = Release|Any CPU
		{EB0218FD-88CE-43AA-B172-85EFD4D25917}.Debug|Any CPU.ActiveCfg = Debug|Any CPU
		{EB0218FD-88CE-43AA-B172-85EFD4D25917}.Debug|Any CPU.Build.0 = Debug|Any CPU
		{EB0218FD-88CE-43AA-B172-85EFD4D25917}.Debug|x64.ActiveCfg = Debug|Any CPU
		{EB0218FD-88CE-43AA-B172-85EFD4D25917}.Debug|x64.Build.0 = Debug|Any CPU
		{EB0218FD-88CE-43AA-B172-85EFD4D25917}.Debug|x86.ActiveCfg = Debug|Any CPU
		{EB0218FD-88CE-43AA-B172-85EFD4D25917}.Debug|x86.Build.0 = Debug|Any CPU
		{EB0218FD-88CE-43AA-B172-85EFD4D25917}.Release|Any CPU.ActiveCfg = Release|Any CPU
		{EB0218FD-88CE-43AA-B172-85EFD4D25917}.Release|Any CPU.Build.0 = Release|Any CPU
		{EB0218FD-88CE-43AA-B172-85EFD4D25917}.Release|x64.ActiveCfg = Release|Any CPU
		{EB0218FD-88CE-43AA-B172-85EFD4D25917}.Release|x64.Build.0 = Release|Any CPU
		{EB0218FD-88CE-43AA-B172-85EFD4D25917}.Release|x86.ActiveCfg = Release|Any CPU
		{EB0218FD-88CE-43AA-B172-85EFD4D25917}.Release|x86.Build.0 = Release|Any CPU
		{2837B3EE-381F-4FC5-8C69-FD5513BD40F4}.Debug|Any CPU.ActiveCfg = Debug|Any CPU
		{2837B3EE-381F-4FC5-8C69-FD5513BD40F4}.Debug|Any CPU.Build.0 = Debug|Any CPU
		{2837B3EE-381F-4FC5-8C69-FD5513BD40F4}.Debug|x64.ActiveCfg = Debug|Any CPU
		{2837B3EE-381F-4FC5-8C69-FD5513BD40F4}.Debug|x64.Build.0 = Debug|Any CPU
		{2837B3EE-381F-4FC5-8C69-FD5513BD40F4}.Debug|x86.ActiveCfg = Debug|Any CPU
		{2837B3EE-381F-4FC5-8C69-FD5513BD40F4}.Debug|x86.Build.0 = Debug|Any CPU
		{2837B3EE-381F-4FC5-8C69-FD5513BD40F4}.Release|Any CPU.ActiveCfg = Release|Any CPU
		{2837B3EE-381F-4FC5-8C69-FD5513BD40F4}.Release|Any CPU.Build.0 = Release|Any CPU
		{2837B3EE-381F-4FC5-8C69-FD5513BD40F4}.Release|x64.ActiveCfg = Release|Any CPU
		{2837B3EE-381F-4FC5-8C69-FD5513BD40F4}.Release|x64.Build.0 = Release|Any CPU
		{2837B3EE-381F-4FC5-8C69-FD5513BD40F4}.Release|x86.ActiveCfg = Release|Any CPU
		{2837B3EE-381F-4FC5-8C69-FD5513BD40F4}.Release|x86.Build.0 = Release|Any CPU
		{4D4EE0CA-137C-4ACA-91DF-54D611A1F6D8}.Debug|Any CPU.ActiveCfg = Debug|Any CPU
		{4D4EE0CA-137C-4ACA-91DF-54D611A1F6D8}.Debug|Any CPU.Build.0 = Debug|Any CPU
		{4D4EE0CA-137C-4ACA-91DF-54D611A1F6D8}.Debug|x64.ActiveCfg = Debug|Any CPU
		{4D4EE0CA-137C-4ACA-91DF-54D611A1F6D8}.Debug|x64.Build.0 = Debug|Any CPU
		{4D4EE0CA-137C-4ACA-91DF-54D611A1F6D8}.Debug|x86.ActiveCfg = Debug|Any CPU
		{4D4EE0CA-137C-4ACA-91DF-54D611A1F6D8}.Debug|x86.Build.0 = Debug|Any CPU
		{4D4EE0CA-137C-4ACA-91DF-54D611A1F6D8}.Release|Any CPU.ActiveCfg = Release|Any CPU
		{4D4EE0CA-137C-4ACA-91DF-54D611A1F6D8}.Release|Any CPU.Build.0 = Release|Any CPU
		{4D4EE0CA-137C-4ACA-91DF-54D611A1F6D8}.Release|x64.ActiveCfg = Release|Any CPU
		{4D4EE0CA-137C-4ACA-91DF-54D611A1F6D8}.Release|x64.Build.0 = Release|Any CPU
		{4D4EE0CA-137C-4ACA-91DF-54D611A1F6D8}.Release|x86.ActiveCfg = Release|Any CPU
		{4D4EE0CA-137C-4ACA-91DF-54D611A1F6D8}.Release|x86.Build.0 = Release|Any CPU
		{D546E85B-1DD9-45FA-AD31-74497A46D3CC}.Debug|Any CPU.ActiveCfg = Debug|Any CPU
		{D546E85B-1DD9-45FA-AD31-74497A46D3CC}.Debug|Any CPU.Build.0 = Debug|Any CPU
		{D546E85B-1DD9-45FA-AD31-74497A46D3CC}.Debug|x64.ActiveCfg = Debug|Any CPU
		{D546E85B-1DD9-45FA-AD31-74497A46D3CC}.Debug|x64.Build.0 = Debug|Any CPU
		{D546E85B-1DD9-45FA-AD31-74497A46D3CC}.Debug|x86.ActiveCfg = Debug|Any CPU
		{D546E85B-1DD9-45FA-AD31-74497A46D3CC}.Debug|x86.Build.0 = Debug|Any CPU
		{D546E85B-1DD9-45FA-AD31-74497A46D3CC}.Release|Any CPU.ActiveCfg = Release|Any CPU
		{D546E85B-1DD9-45FA-AD31-74497A46D3CC}.Release|Any CPU.Build.0 = Release|Any CPU
		{D546E85B-1DD9-45FA-AD31-74497A46D3CC}.Release|x64.ActiveCfg = Release|Any CPU
		{D546E85B-1DD9-45FA-AD31-74497A46D3CC}.Release|x64.Build.0 = Release|Any CPU
		{D546E85B-1DD9-45FA-AD31-74497A46D3CC}.Release|x86.ActiveCfg = Release|Any CPU
		{D546E85B-1DD9-45FA-AD31-74497A46D3CC}.Release|x86.Build.0 = Release|Any CPU
		{E0595CA7-752E-4765-8232-9D57FAE53409}.Debug|Any CPU.ActiveCfg = Debug|Any CPU
		{E0595CA7-752E-4765-8232-9D57FAE53409}.Debug|Any CPU.Build.0 = Debug|Any CPU
		{E0595CA7-752E-4765-8232-9D57FAE53409}.Debug|x64.ActiveCfg = Debug|Any CPU
		{E0595CA7-752E-4765-8232-9D57FAE53409}.Debug|x64.Build.0 = Debug|Any CPU
		{E0595CA7-752E-4765-8232-9D57FAE53409}.Debug|x86.ActiveCfg = Debug|Any CPU
		{E0595CA7-752E-4765-8232-9D57FAE53409}.Debug|x86.Build.0 = Debug|Any CPU
		{E0595CA7-752E-4765-8232-9D57FAE53409}.Release|Any CPU.ActiveCfg = Release|Any CPU
		{E0595CA7-752E-4765-8232-9D57FAE53409}.Release|Any CPU.Build.0 = Release|Any CPU
		{E0595CA7-752E-4765-8232-9D57FAE53409}.Release|x64.ActiveCfg = Release|Any CPU
		{E0595CA7-752E-4765-8232-9D57FAE53409}.Release|x64.Build.0 = Release|Any CPU
		{E0595CA7-752E-4765-8232-9D57FAE53409}.Release|x86.ActiveCfg = Release|Any CPU
		{E0595CA7-752E-4765-8232-9D57FAE53409}.Release|x86.Build.0 = Release|Any CPU
		{89948BD5-8D7E-4DA8-BAC5-3D4B992C31A6}.Debug|Any CPU.ActiveCfg = Debug|Any CPU
		{89948BD5-8D7E-4DA8-BAC5-3D4B992C31A6}.Debug|Any CPU.Build.0 = Debug|Any CPU
		{89948BD5-8D7E-4DA8-BAC5-3D4B992C31A6}.Debug|x64.ActiveCfg = Debug|Any CPU
		{89948BD5-8D7E-4DA8-BAC5-3D4B992C31A6}.Debug|x64.Build.0 = Debug|Any CPU
		{89948BD5-8D7E-4DA8-BAC5-3D4B992C31A6}.Debug|x86.ActiveCfg = Debug|Any CPU
		{89948BD5-8D7E-4DA8-BAC5-3D4B992C31A6}.Debug|x86.Build.0 = Debug|Any CPU
		{89948BD5-8D7E-4DA8-BAC5-3D4B992C31A6}.Release|Any CPU.ActiveCfg = Release|Any CPU
		{89948BD5-8D7E-4DA8-BAC5-3D4B992C31A6}.Release|Any CPU.Build.0 = Release|Any CPU
		{89948BD5-8D7E-4DA8-BAC5-3D4B992C31A6}.Release|x64.ActiveCfg = Release|Any CPU
		{89948BD5-8D7E-4DA8-BAC5-3D4B992C31A6}.Release|x64.Build.0 = Release|Any CPU
		{89948BD5-8D7E-4DA8-BAC5-3D4B992C31A6}.Release|x86.ActiveCfg = Release|Any CPU
		{89948BD5-8D7E-4DA8-BAC5-3D4B992C31A6}.Release|x86.Build.0 = Release|Any CPU
	EndGlobalSection
	GlobalSection(SolutionProperties) = preSolution
		HideSolutionNode = FALSE
	EndGlobalSection
	GlobalSection(NestedProjects) = preSolution
		{337D17C4-C299-4A01-A6A1-4C83CAB158FE} = {F78FF002-6272-47DD-AACE-5081AAF688D6}
		{757CA987-BF8D-4431-811F-94F9082E794A} = {337D17C4-C299-4A01-A6A1-4C83CAB158FE}
		{7F4EA173-C534-4C29-8A1F-2DD57236BA73} = {337D17C4-C299-4A01-A6A1-4C83CAB158FE}
		{18FAC03A-A71B-4FA0-925A-3ADA2C7CEB35} = {337D17C4-C299-4A01-A6A1-4C83CAB158FE}
		{8C1F34BA-C64B-456C-90AB-A1A0FF112087} = {337D17C4-C299-4A01-A6A1-4C83CAB158FE}
		{D9186E60-88DD-48E4-8508-FCE2FEFF32AF} = {F78FF002-6272-47DD-AACE-5081AAF688D6}
		{8FCF3692-1CC1-4BBB-BC1F-F6EE2166D7C8} = {D9186E60-88DD-48E4-8508-FCE2FEFF32AF}
		{798E0F95-F4A0-48B8-9155-F454856A79FB} = {D9186E60-88DD-48E4-8508-FCE2FEFF32AF}
		{16571D40-6414-4EC1-B2DD-052B806035C3} = {D9186E60-88DD-48E4-8508-FCE2FEFF32AF}
		{EB0218FD-88CE-43AA-B172-85EFD4D25917} = {D9186E60-88DD-48E4-8508-FCE2FEFF32AF}
	EndGlobalSection
EndGlobal
